
Microsoft Visual Studio Solution File, Format Version 12.00
# Visual Studio 15
VisualStudioVersion = 15.0.27703.2042
MinimumVisualStudioVersion = 10.0.40219.1
Project("{FAE04EC0-301F-11D3-BF4B-00C04F79EFBC}") = "MyBlog", "MyBlog\MyBlog.csproj", "{734CDA2F-3F08-4656-ADE3-2410D14B7C93}"
EndProject
Project("{FAE04EC0-301F-11D3-BF4B-00C04F79EFBC}") = "BlogModel", "BlogModel\BlogModel.csproj", "{8A1B10B3-F35C-49EF-A520-4D2873DFA7C3}"
EndProject
Project("{FAE04EC0-301F-11D3-BF4B-00C04F79EFBC}") = "BlogRepository", "BlogRepository\BlogRepository.csproj", "{E56C2885-5361-4CC1-AAB8-B7AA917F4343}"
EndProject
Project("{FAE04EC0-301F-11D3-BF4B-00C04F79EFBC}") = "BlogBussinessLogic", "BlogBussinessLogic\BlogBussinessLogic.csproj", "{5B931ED4-1DA2-4D55-B8E4-5669DF961FB5}"
EndProject
Project("{FAE04EC0-301F-11D3-BF4B-00C04F79EFBC}") = "BlogRepository.MySQL", "BlogRepository.MySQL\BlogRepository.MySQL.csproj", "{27955380-0F85-46DD-987D-AB4E41BAA9AA}"
EndProject
Global
	GlobalSection(SolutionConfigurationPlatforms) = preSolution
		Debug|Any CPU = Debug|Any CPU
		Release|Any CPU = Release|Any CPU
	EndGlobalSection
	GlobalSection(ProjectConfigurationPlatforms) = postSolution
		{734CDA2F-3F08-4656-ADE3-2410D14B7C93}.Debug|Any CPU.ActiveCfg = Debug|Any CPU
		{734CDA2F-3F08-4656-ADE3-2410D14B7C93}.Debug|Any CPU.Build.0 = Debug|Any CPU
		{734CDA2F-3F08-4656-ADE3-2410D14B7C93}.Release|Any CPU.ActiveCfg = Release|Any CPU
		{734CDA2F-3F08-4656-ADE3-2410D14B7C93}.Release|Any CPU.Build.0 = Release|Any CPU
		{8A1B10B3-F35C-49EF-A520-4D2873DFA7C3}.Debug|Any CPU.ActiveCfg = Debug|Any CPU
		{8A1B10B3-F35C-49EF-A520-4D2873DFA7C3}.Debug|Any CPU.Build.0 = Debug|Any CPU
		{8A1B10B3-F35C-49EF-A520-4D2873DFA7C3}.Release|Any CPU.ActiveCfg = Release|Any CPU
		{8A1B10B3-F35C-49EF-A520-4D2873DFA7C3}.Release|Any CPU.Build.0 = Release|Any CPU
		{E56C2885-5361-4CC1-AAB8-B7AA917F4343}.Debug|Any CPU.ActiveCfg = Debug|Any CPU
		{E56C2885-5361-4CC1-AAB8-B7AA917F4343}.Debug|Any CPU.Build.0 = Debug|Any CPU
		{E56C2885-5361-4CC1-AAB8-B7AA917F4343}.Release|Any CPU.ActiveCfg = Release|Any CPU
		{E56C2885-5361-4CC1-AAB8-B7AA917F4343}.Release|Any CPU.Build.0 = Release|Any CPU
		{5B931ED4-1DA2-4D55-B8E4-5669DF961FB5}.Debug|Any CPU.ActiveCfg = Debug|Any CPU
		{5B931ED4-1DA2-4D55-B8E4-5669DF961FB5}.Debug|Any CPU.Build.0 = Debug|Any CPU
		{5B931ED4-1DA2-4D55-B8E4-5669DF961FB5}.Release|Any CPU.ActiveCfg = Release|Any CPU
		{5B931ED4-1DA2-4D55-B8E4-5669DF961FB5}.Release|Any CPU.Build.0 = Release|Any CPU
		{27955380-0F85-46DD-987D-AB4E41BAA9AA}.Debug|Any CPU.ActiveCfg = Debug|Any CPU
		{27955380-0F85-46DD-987D-AB4E41BAA9AA}.Debug|Any CPU.Build.0 = Debug|Any CPU
		{27955380-0F85-46DD-987D-AB4E41BAA9AA}.Release|Any CPU.ActiveCfg = Release|Any CPU
		{27955380-0F85-46DD-987D-AB4E41BAA9AA}.Release|Any CPU.Build.0 = Release|Any CPU
	EndGlobalSection
	GlobalSection(SolutionProperties) = preSolution
		HideSolutionNode = FALSE
	EndGlobalSection
	GlobalSection(ExtensibilityGlobals) = postSolution
		SolutionGuid = {4627F4F9-017E-4E82-AF7E-8B43F9A56DAE}
	EndGlobalSection
EndGlobal
